// !$*UTF8*$!
{
	archiveVersion = 1;
	classes = {
	};
	objectVersion = 56;
	objects = {

/* Begin PBXBuildFile section */
		A913932929B328E60023A151 /* AppDelegate.swift in Sources */ = {isa = PBXBuildFile; fileRef = A913932829B328E60023A151 /* AppDelegate.swift */; };
		A913932B29B328E60023A151 /* SceneDelegate.swift in Sources */ = {isa = PBXBuildFile; fileRef = A913932A29B328E60023A151 /* SceneDelegate.swift */; };
		A913932D29B328E60023A151 /* MovieRecordViewController.swift in Sources */ = {isa = PBXBuildFile; fileRef = A913932C29B328E60023A151 /* MovieRecordViewController.swift */; };
		A913933029B328E60023A151 /* MovieRecordViewController.storyboard in Resources */ = {isa = PBXBuildFile; fileRef = A913932E29B328E60023A151 /* MovieRecordViewController.storyboard */; };
		A913933229B328E70023A151 /* Assets.xcassets in Resources */ = {isa = PBXBuildFile; fileRef = A913933129B328E70023A151 /* Assets.xcassets */; };
		A913933529B328E70023A151 /* LaunchScreen.storyboard in Resources */ = {isa = PBXBuildFile; fileRef = A913933329B328E70023A151 /* LaunchScreen.storyboard */; };
		A913936429B32CB90023A151 /* AppDIContainer.swift in Sources */ = {isa = PBXBuildFile; fileRef = A913936329B32CB90023A151 /* AppDIContainer.swift */; };
		A913936629B32CC20023A151 /* SceneDIContainer.swift in Sources */ = {isa = PBXBuildFile; fileRef = A913936529B32CC20023A151 /* SceneDIContainer.swift */; };
		A913936829B32CD00023A151 /* AppFlowCoordinator.swift in Sources */ = {isa = PBXBuildFile; fileRef = A913936729B32CD00023A151 /* AppFlowCoordinator.swift */; };
		A913936A29B32CDD0023A151 /* AppConfiguration.swift in Sources */ = {isa = PBXBuildFile; fileRef = A913936929B32CDD0023A151 /* AppConfiguration.swift */; };
		A913936D29B32CF00023A151 /* ViewFlowCoordinator.swift in Sources */ = {isa = PBXBuildFile; fileRef = A913936C29B32CF00023A151 /* ViewFlowCoordinator.swift */; };
		A913937229B32E690023A151 /* Constants.swift in Sources */ = {isa = PBXBuildFile; fileRef = A913937129B32E690023A151 /* Constants.swift */; };
		A913937429B32EB30023A151 /* MovieRecordViewModel.swift in Sources */ = {isa = PBXBuildFile; fileRef = A913937329B32EB30023A151 /* MovieRecordViewModel.swift */; };
		A913937829B32F450023A151 /* MovieRecordUseCase.swift in Sources */ = {isa = PBXBuildFile; fileRef = A913937729B32F450023A151 /* MovieRecordUseCase.swift */; };
		A913937A29B32F670023A151 /* MovieRecordRepository.swift in Sources */ = {isa = PBXBuildFile; fileRef = A913937929B32F670023A151 /* MovieRecordRepository.swift */; };
		A913937C29B32F7B0023A151 /* DefaultMovieRecordRepository.swift in Sources */ = {isa = PBXBuildFile; fileRef = A913937B29B32F7B0023A151 /* DefaultMovieRecordRepository.swift */; };
		A913937E29B32F890023A151 /* Studio.swift in Sources */ = {isa = PBXBuildFile; fileRef = A913937D29B32F890023A151 /* Studio.swift */; };
		A913938029B335440023A151 /* PreviewView.swift in Sources */ = {isa = PBXBuildFile; fileRef = A913937F29B335440023A151 /* PreviewView.swift */; };
		A913938229B33EE20023A151 /* Utilities.swift in Sources */ = {isa = PBXBuildFile; fileRef = A913938129B33EE20023A151 /* Utilities.swift */; };
		A9749B8429C71C70002E0DD4 /* RecordButton.swift in Sources */ = {isa = PBXBuildFile; fileRef = A9749B8329C71C70002E0DD4 /* RecordButton.swift */; };
/* End PBXBuildFile section */

/* Begin PBXFileReference section */
		A913932529B328E60023A151 /* ObjectSeparation.app */ = {isa = PBXFileReference; explicitFileType = wrapper.application; includeInIndex = 0; path = ObjectSeparation.app; sourceTree = BUILT_PRODUCTS_DIR; };
		A913932829B328E60023A151 /* AppDelegate.swift */ = {isa = PBXFileReference; lastKnownFileType = sourcecode.swift; path = AppDelegate.swift; sourceTree = "<group>"; };
		A913932A29B328E60023A151 /* SceneDelegate.swift */ = {isa = PBXFileReference; lastKnownFileType = sourcecode.swift; path = SceneDelegate.swift; sourceTree = "<group>"; };
		A913932C29B328E60023A151 /* MovieRecordViewController.swift */ = {isa = PBXFileReference; lastKnownFileType = sourcecode.swift; path = MovieRecordViewController.swift; sourceTree = "<group>"; };
		A913932F29B328E60023A151 /* Base */ = {isa = PBXFileReference; lastKnownFileType = file.storyboard; name = Base; path = Base.lproj/MovieRecordViewController.storyboard; sourceTree = "<group>"; };
		A913933129B328E70023A151 /* Assets.xcassets */ = {isa = PBXFileReference; lastKnownFileType = folder.assetcatalog; path = Assets.xcassets; sourceTree = "<group>"; };
		A913933429B328E70023A151 /* Base */ = {isa = PBXFileReference; lastKnownFileType = file.storyboard; name = Base; path = Base.lproj/LaunchScreen.storyboard; sourceTree = "<group>"; };
		A913933629B328E70023A151 /* Info.plist */ = {isa = PBXFileReference; lastKnownFileType = text.plist.xml; path = Info.plist; sourceTree = "<group>"; };
		A913936329B32CB90023A151 /* AppDIContainer.swift */ = {isa = PBXFileReference; lastKnownFileType = sourcecode.swift; path = AppDIContainer.swift; sourceTree = "<group>"; };
		A913936529B32CC20023A151 /* SceneDIContainer.swift */ = {isa = PBXFileReference; lastKnownFileType = sourcecode.swift; path = SceneDIContainer.swift; sourceTree = "<group>"; };
		A913936729B32CD00023A151 /* AppFlowCoordinator.swift */ = {isa = PBXFileReference; lastKnownFileType = sourcecode.swift; path = AppFlowCoordinator.swift; sourceTree = "<group>"; };
		A913936929B32CDD0023A151 /* AppConfiguration.swift */ = {isa = PBXFileReference; lastKnownFileType = sourcecode.swift; path = AppConfiguration.swift; sourceTree = "<group>"; };
		A913936C29B32CF00023A151 /* ViewFlowCoordinator.swift */ = {isa = PBXFileReference; lastKnownFileType = sourcecode.swift; path = ViewFlowCoordinator.swift; sourceTree = "<group>"; };
		A913937129B32E690023A151 /* Constants.swift */ = {isa = PBXFileReference; lastKnownFileType = sourcecode.swift; path = Constants.swift; sourceTree = "<group>"; };
		A913937329B32EB30023A151 /* MovieRecordViewModel.swift */ = {isa = PBXFileReference; lastKnownFileType = sourcecode.swift; path = MovieRecordViewModel.swift; sourceTree = "<group>"; };
		A913937729B32F450023A151 /* MovieRecordUseCase.swift */ = {isa = PBXFileReference; lastKnownFileType = sourcecode.swift; path = MovieRecordUseCase.swift; sourceTree = "<group>"; };
		A913937929B32F670023A151 /* MovieRecordRepository.swift */ = {isa = PBXFileReference; lastKnownFileType = sourcecode.swift; path = MovieRecordRepository.swift; sourceTree = "<group>"; };
		A913937B29B32F7B0023A151 /* DefaultMovieRecordRepository.swift */ = {isa = PBXFileReference; lastKnownFileType = sourcecode.swift; path = DefaultMovieRecordRepository.swift; sourceTree = "<group>"; };
		A913937D29B32F890023A151 /* Studio.swift */ = {isa = PBXFileReference; lastKnownFileType = sourcecode.swift; path = Studio.swift; sourceTree = "<group>"; };
		A913937F29B335440023A151 /* PreviewView.swift */ = {isa = PBXFileReference; lastKnownFileType = sourcecode.swift; path = PreviewView.swift; sourceTree = "<group>"; };
		A913938129B33EE20023A151 /* Utilities.swift */ = {isa = PBXFileReference; lastKnownFileType = sourcecode.swift; path = Utilities.swift; sourceTree = "<group>"; };
		A9749B8329C71C70002E0DD4 /* RecordButton.swift */ = {isa = PBXFileReference; lastKnownFileType = sourcecode.swift; path = RecordButton.swift; sourceTree = "<group>"; };
/* End PBXFileReference section */

/* Begin PBXFrameworksBuildPhase section */
		A913932229B328E60023A151 /* Frameworks */ = {
			isa = PBXFrameworksBuildPhase;
			buildActionMask = 2147483647;
			files = (
			);
			runOnlyForDeploymentPostprocessing = 0;
		};
/* End PBXFrameworksBuildPhase section */

/* Begin PBXGroup section */
		A913931C29B328E60023A151 = {
			isa = PBXGroup;
			children = (
				A913932729B328E60023A151 /* ObjectSeparation */,
				A913932629B328E60023A151 /* Products */,
			);
			sourceTree = "<group>";
		};
		A913932629B328E60023A151 /* Products */ = {
			isa = PBXGroup;
			children = (
				A913932529B328E60023A151 /* ObjectSeparation.app */,
			);
			name = Products;
			sourceTree = "<group>";
		};
		A913932729B328E60023A151 /* ObjectSeparation */ = {
			isa = PBXGroup;
			children = (
				A9749BB929C75476002E0DD4 /* Utilities */,
				A9749B8529C72775002E0DD4 /* Constants */,
				A913936129B32C5F0023A151 /* Resources */,
				A913936029B32C540023A151 /* Application */,
				A913935F29B32C4B0023A151 /* Infrastructure */,
				A913935E29B32C450023A151 /* Data */,
				A913935D29B32C3F0023A151 /* Domain */,
				A913935C29B32C360023A151 /* Presentation */,
			);
			path = ObjectSeparation;
			sourceTree = "<group>";
		};
		A913935C29B32C360023A151 /* Presentation */ = {
			isa = PBXGroup;
			children = (
				A913936B29B32CE40023A151 /* Flow */,
				A913937629B32F330023A151 /* MovieRecordView */,
			);
			path = Presentation;
			sourceTree = "<group>";
		};
		A913935D29B32C3F0023A151 /* Domain */ = {
			isa = PBXGroup;
			children = (
				A913936E29B32D0C0023A151 /* Interfaces */,
				A913937529B32F2A0023A151 /* UseCase */,
			);
			path = Domain;
			sourceTree = "<group>";
		};
		A913935E29B32C450023A151 /* Data */ = {
			isa = PBXGroup;
			children = (
				A913937029B32D1F0023A151 /* Studio */,
				A913936F29B32D160023A151 /* Repository */,
			);
			path = Data;
			sourceTree = "<group>";
		};
		A913935F29B32C4B0023A151 /* Infrastructure */ = {
			isa = PBXGroup;
			children = (
			);
			path = Infrastructure;
			sourceTree = "<group>";
		};
		A913936029B32C540023A151 /* Application */ = {
			isa = PBXGroup;
			children = (
				A913936229B32CAB0023A151 /* AppDIContainer */,
				A913932829B328E60023A151 /* AppDelegate.swift */,
				A913932A29B328E60023A151 /* SceneDelegate.swift */,
				A913936729B32CD00023A151 /* AppFlowCoordinator.swift */,
				A913936929B32CDD0023A151 /* AppConfiguration.swift */,
			);
			path = Application;
			sourceTree = "<group>";
		};
		A913936129B32C5F0023A151 /* Resources */ = {
			isa = PBXGroup;
			children = (
				A913932E29B328E60023A151 /* MovieRecordViewController.storyboard */,
				A913933129B328E70023A151 /* Assets.xcassets */,
				A913933329B328E70023A151 /* LaunchScreen.storyboard */,
				A913933629B328E70023A151 /* Info.plist */,
			);
			path = Resources;
			sourceTree = "<group>";
		};
		A913936229B32CAB0023A151 /* AppDIContainer */ = {
			isa = PBXGroup;
			children = (
				A913936329B32CB90023A151 /* AppDIContainer.swift */,
				A913936529B32CC20023A151 /* SceneDIContainer.swift */,
			);
			path = AppDIContainer;
			sourceTree = "<group>";
		};
		A913936B29B32CE40023A151 /* Flow */ = {
			isa = PBXGroup;
			children = (
				A913936C29B32CF00023A151 /* ViewFlowCoordinator.swift */,
			);
			path = Flow;
			sourceTree = "<group>";
		};
		A913936E29B32D0C0023A151 /* Interfaces */ = {
			isa = PBXGroup;
			children = (
				A913937929B32F670023A151 /* MovieRecordRepository.swift */,
			);
			path = Interfaces;
			sourceTree = "<group>";
		};
		A913936F29B32D160023A151 /* Repository */ = {
			isa = PBXGroup;
			children = (
				A913937B29B32F7B0023A151 /* DefaultMovieRecordRepository.swift */,
			);
			path = Repository;
			sourceTree = "<group>";
		};
		A913937029B32D1F0023A151 /* Studio */ = {
			isa = PBXGroup;
			children = (
				A913937D29B32F890023A151 /* Studio.swift */,
			);
			path = Studio;
			sourceTree = "<group>";
		};
		A913937529B32F2A0023A151 /* UseCase */ = {
			isa = PBXGroup;
			children = (
				A913937729B32F450023A151 /* MovieRecordUseCase.swift */,
			);
			path = UseCase;
			sourceTree = "<group>";
		};
		A913937629B32F330023A151 /* MovieRecordView */ = {
			isa = PBXGroup;
			children = (
				A913932C29B328E60023A151 /* MovieRecordViewController.swift */,
				A913937329B32EB30023A151 /* MovieRecordViewModel.swift */,
				A913937F29B335440023A151 /* PreviewView.swift */,
				A9749B8329C71C70002E0DD4 /* RecordButton.swift */,
			);
			path = MovieRecordView;
			sourceTree = "<group>";
		};
		A9749B8529C72775002E0DD4 /* Constants */ = {
			isa = PBXGroup;
			children = (
				A913937129B32E690023A151 /* Constants.swift */,
			);
			path = Constants;
			sourceTree = "<group>";
		};
		A9749BB929C75476002E0DD4 /* Utilities */ = {
			isa = PBXGroup;
			children = (
				A913938129B33EE20023A151 /* Utilities.swift */,
			);
			path = Utilities;
			sourceTree = "<group>";
		};
/* End PBXGroup section */

/* Begin PBXNativeTarget section */
		A913932429B328E60023A151 /* ObjectSeparation */ = {
			isa = PBXNativeTarget;
			buildConfigurationList = A913933929B328E70023A151 /* Build configuration list for PBXNativeTarget "ObjectSeparation" */;
			buildPhases = (
				A913932129B328E60023A151 /* Sources */,
				A913932229B328E60023A151 /* Frameworks */,
				A913932329B328E60023A151 /* Resources */,
			);
			buildRules = (
			);
			dependencies = (
			);
			name = ObjectSeparation;
			productName = ObjectSeparation;
			productReference = A913932529B328E60023A151 /* ObjectSeparation.app */;
			productType = "com.apple.product-type.application";
		};
/* End PBXNativeTarget section */

/* Begin PBXProject section */
		A913931D29B328E60023A151 /* Project object */ = {
			isa = PBXProject;
			attributes = {
				BuildIndependentTargetsInParallel = 1;
				LastSwiftUpdateCheck = 1420;
				LastUpgradeCheck = 1420;
				TargetAttributes = {
					A913932429B328E60023A151 = {
						CreatedOnToolsVersion = 14.2;
					};
				};
			};
			buildConfigurationList = A913932029B328E60023A151 /* Build configuration list for PBXProject "ObjectSeparation" */;
			compatibilityVersion = "Xcode 14.0";
			developmentRegion = en;
			hasScannedForEncodings = 0;
			knownRegions = (
				en,
				Base,
			);
			mainGroup = A913931C29B328E60023A151;
			productRefGroup = A913932629B328E60023A151 /* Products */;
			projectDirPath = "";
			projectRoot = "";
			targets = (
				A913932429B328E60023A151 /* ObjectSeparation */,
			);
		};
/* End PBXProject section */

/* Begin PBXResourcesBuildPhase section */
		A913932329B328E60023A151 /* Resources */ = {
			isa = PBXResourcesBuildPhase;
			buildActionMask = 2147483647;
			files = (
				A913933529B328E70023A151 /* LaunchScreen.storyboard in Resources */,
				A913933229B328E70023A151 /* Assets.xcassets in Resources */,
				A913933029B328E60023A151 /* MovieRecordViewController.storyboard in Resources */,
			);
			runOnlyForDeploymentPostprocessing = 0;
		};
/* End PBXResourcesBuildPhase section */

/* Begin PBXSourcesBuildPhase section */
		A913932129B328E60023A151 /* Sources */ = {
			isa = PBXSourcesBuildPhase;
			buildActionMask = 2147483647;
			files = (
				A913936429B32CB90023A151 /* AppDIContainer.swift in Sources */,
				A913937C29B32F7B0023A151 /* DefaultMovieRecordRepository.swift in Sources */,
				A913937A29B32F670023A151 /* MovieRecordRepository.swift in Sources */,
				A913932D29B328E60023A151 /* MovieRecordViewController.swift in Sources */,
				A913937429B32EB30023A151 /* MovieRecordViewModel.swift in Sources */,
				A913938029B335440023A151 /* PreviewView.swift in Sources */,
				A913938229B33EE20023A151 /* Utilities.swift in Sources */,
				A913937E29B32F890023A151 /* Studio.swift in Sources */,
				A913932929B328E60023A151 /* AppDelegate.swift in Sources */,
				A913936D29B32CF00023A151 /* ViewFlowCoordinator.swift in Sources */,
				A913936629B32CC20023A151 /* SceneDIContainer.swift in Sources */,
				A9749B8429C71C70002E0DD4 /* RecordButton.swift in Sources */,
				A913936829B32CD00023A151 /* AppFlowCoordinator.swift in Sources */,
				A913936A29B32CDD0023A151 /* AppConfiguration.swift in Sources */,
				A913937829B32F450023A151 /* MovieRecordUseCase.swift in Sources */,
				A913932B29B328E60023A151 /* SceneDelegate.swift in Sources */,
				A913937229B32E690023A151 /* Constants.swift in Sources */,
			);
			runOnlyForDeploymentPostprocessing = 0;
		};
/* End PBXSourcesBuildPhase section */

/* Begin PBXVariantGroup section */
		A913932E29B328E60023A151 /* MovieRecordViewController.storyboard */ = {
			isa = PBXVariantGroup;
			children = (
				A913932F29B328E60023A151 /* Base */,
			);
			name = MovieRecordViewController.storyboard;
			sourceTree = "<group>";
		};
		A913933329B328E70023A151 /* LaunchScreen.storyboard */ = {
			isa = PBXVariantGroup;
			children = (
				A913933429B328E70023A151 /* Base */,
			);
			name = LaunchScreen.storyboard;
			sourceTree = "<group>";
		};
/* End PBXVariantGroup section */

/* Begin XCBuildConfiguration section */
		A913933729B328E70023A151 /* Debug */ = {
			isa = XCBuildConfiguration;
			buildSettings = {
				ALWAYS_SEARCH_USER_PATHS = NO;
				CLANG_ANALYZER_NONNULL = YES;
				CLANG_ANALYZER_NUMBER_OBJECT_CONVERSION = YES_AGGRESSIVE;
				CLANG_CXX_LANGUAGE_STANDARD = "gnu++20";
				CLANG_ENABLE_MODULES = YES;
				CLANG_ENABLE_OBJC_ARC = YES;
				CLANG_ENABLE_OBJC_WEAK = YES;
				CLANG_WARN_BLOCK_CAPTURE_AUTORELEASING = YES;
				CLANG_WARN_BOOL_CONVERSION = YES;
				CLANG_WARN_COMMA = YES;
				CLANG_WARN_CONSTANT_CONVERSION = YES;
				CLANG_WARN_DEPRECATED_OBJC_IMPLEMENTATIONS = YES;
				CLANG_WARN_DIRECT_OBJC_ISA_USAGE = YES_ERROR;
				CLANG_WARN_DOCUMENTATION_COMMENTS = YES;
				CLANG_WARN_EMPTY_BODY = YES;
				CLANG_WARN_ENUM_CONVERSION = YES;
				CLANG_WARN_INFINITE_RECURSION = YES;
				CLANG_WARN_INT_CONVERSION = YES;
				CLANG_WARN_NON_LITERAL_NULL_CONVERSION = YES;
				CLANG_WARN_OBJC_IMPLICIT_RETAIN_SELF = YES;
				CLANG_WARN_OBJC_LITERAL_CONVERSION = YES;
				CLANG_WARN_OBJC_ROOT_CLASS = YES_ERROR;
				CLANG_WARN_QUOTED_INCLUDE_IN_FRAMEWORK_HEADER = YES;
				CLANG_WARN_RANGE_LOOP_ANALYSIS = YES;
				CLANG_WARN_STRICT_PROTOTYPES = YES;
				CLANG_WARN_SUSPICIOUS_MOVE = YES;
				CLANG_WARN_UNGUARDED_AVAILABILITY = YES_AGGRESSIVE;
				CLANG_WARN_UNREACHABLE_CODE = YES;
				CLANG_WARN__DUPLICATE_METHOD_MATCH = YES;
				COPY_PHASE_STRIP = NO;
				DEBUG_INFORMATION_FORMAT = dwarf;
				ENABLE_STRICT_OBJC_MSGSEND = YES;
				ENABLE_TESTABILITY = YES;
				GCC_C_LANGUAGE_STANDARD = gnu11;
				GCC_DYNAMIC_NO_PIC = NO;
				GCC_NO_COMMON_BLOCKS = YES;
				GCC_OPTIMIZATION_LEVEL = 0;
				GCC_PREPROCESSOR_DEFINITIONS = (
					"DEBUG=1",
					"$(inherited)",
				);
				GCC_WARN_64_TO_32_BIT_CONVERSION = YES;
				GCC_WARN_ABOUT_RETURN_TYPE = YES_ERROR;
				GCC_WARN_UNDECLARED_SELECTOR = YES;
				GCC_WARN_UNINITIALIZED_AUTOS = YES_AGGRESSIVE;
				GCC_WARN_UNUSED_FUNCTION = YES;
				GCC_WARN_UNUSED_VARIABLE = YES;
				IPHONEOS_DEPLOYMENT_TARGET = 15.0;
				MTL_ENABLE_DEBUG_INFO = INCLUDE_SOURCE;
				MTL_FAST_MATH = YES;
				ONLY_ACTIVE_ARCH = YES;
				SDKROOT = iphoneos;
				SWIFT_ACTIVE_COMPILATION_CONDITIONS = DEBUG;
				SWIFT_OPTIMIZATION_LEVEL = "-Onone";
			};
			name = Debug;
		};
		A913933829B328E70023A151 /* Release */ = {
			isa = XCBuildConfiguration;
			buildSettings = {
				ALWAYS_SEARCH_USER_PATHS = NO;
				CLANG_ANALYZER_NONNULL = YES;
				CLANG_ANALYZER_NUMBER_OBJECT_CONVERSION = YES_AGGRESSIVE;
				CLANG_CXX_LANGUAGE_STANDARD = "gnu++20";
				CLANG_ENABLE_MODULES = YES;
				CLANG_ENABLE_OBJC_ARC = YES;
				CLANG_ENABLE_OBJC_WEAK = YES;
				CLANG_WARN_BLOCK_CAPTURE_AUTORELEASING = YES;
				CLANG_WARN_BOOL_CONVERSION = YES;
				CLANG_WARN_COMMA = YES;
				CLANG_WARN_CONSTANT_CONVERSION = YES;
				CLANG_WARN_DEPRECATED_OBJC_IMPLEMENTATIONS = YES;
				CLANG_WARN_DIRECT_OBJC_ISA_USAGE = YES_ERROR;
				CLANG_WARN_DOCUMENTATION_COMMENTS = YES;
				CLANG_WARN_EMPTY_BODY = YES;
				CLANG_WARN_ENUM_CONVERSION = YES;
				CLANG_WARN_INFINITE_RECURSION = YES;
				CLANG_WARN_INT_CONVERSION = YES;
				CLANG_WARN_NON_LITERAL_NULL_CONVERSION = YES;
				CLANG_WARN_OBJC_IMPLICIT_RETAIN_SELF = YES;
				CLANG_WARN_OBJC_LITERAL_CONVERSION = YES;
				CLANG_WARN_OBJC_ROOT_CLASS = YES_ERROR;
				CLANG_WARN_QUOTED_INCLUDE_IN_FRAMEWORK_HEADER = YES;
				CLANG_WARN_RANGE_LOOP_ANALYSIS = YES;
				CLANG_WARN_STRICT_PROTOTYPES = YES;
				CLANG_WARN_SUSPICIOUS_MOVE = YES;
				CLANG_WARN_UNGUARDED_AVAILABILITY = YES_AGGRESSIVE;
				CLANG_WARN_UNREACHABLE_CODE = YES;
				CLANG_WARN__DUPLICATE_METHOD_MATCH = YES;
				COPY_PHASE_STRIP = NO;
				DEBUG_INFORMATION_FORMAT = "dwarf-with-dsym";
				ENABLE_NS_ASSERTIONS = NO;
				ENABLE_STRICT_OBJC_MSGSEND = YES;
				GCC_C_LANGUAGE_STANDARD = gnu11;
				GCC_NO_COMMON_BLOCKS = YES;
				GCC_WARN_64_TO_32_BIT_CONVERSION = YES;
				GCC_WARN_ABOUT_RETURN_TYPE = YES_ERROR;
				GCC_WARN_UNDECLARED_SELECTOR = YES;
				GCC_WARN_UNINITIALIZED_AUTOS = YES_AGGRESSIVE;
				GCC_WARN_UNUSED_FUNCTION = YES;
				GCC_WARN_UNUSED_VARIABLE = YES;
				IPHONEOS_DEPLOYMENT_TARGET = 15.0;
				MTL_ENABLE_DEBUG_INFO = NO;
				MTL_FAST_MATH = YES;
				SDKROOT = iphoneos;
				SWIFT_COMPILATION_MODE = wholemodule;
				SWIFT_OPTIMIZATION_LEVEL = "-O";
				VALIDATE_PRODUCT = YES;
			};
			name = Release;
		};
		A913933A29B328E70023A151 /* Debug */ = {
			isa = XCBuildConfiguration;
			buildSettings = {
				ASSETCATALOG_COMPILER_APPICON_NAME = AppIcon;
				ASSETCATALOG_COMPILER_GLOBAL_ACCENT_COLOR_NAME = AccentColor;
				CODE_SIGN_STYLE = Automatic;
				CURRENT_PROJECT_VERSION = 1;
				DEVELOPMENT_TEAM = 3ZJJVW89MW;
				GENERATE_INFOPLIST_FILE = YES;
				INFOPLIST_FILE = ObjectSeparation/Resources/Info.plist;
				INFOPLIST_KEY_UIApplicationSupportsIndirectInputEvents = YES;
				INFOPLIST_KEY_UILaunchStoryboardName = LaunchScreen;
				INFOPLIST_KEY_UISupportedInterfaceOrientations = UIInterfaceOrientationPortrait;
				INFOPLIST_KEY_UISupportedInterfaceOrientations_iPad = "UIInterfaceOrientationLandscapeLeft UIInterfaceOrientationLandscapeRight UIInterfaceOrientationPortrait UIInterfaceOrientationPortraitUpsideDown";
				IPHONEOS_DEPLOYMENT_TARGET = 15.0;
				LD_RUNPATH_SEARCH_PATHS = (
					"$(inherited)",
					"@executable_path/Frameworks",
				);
				MARKETING_VERSION = 1.0;
				PRODUCT_BUNDLE_IDENTIFIER = com.horus.ObjectSeparation;
				PRODUCT_NAME = "$(TARGET_NAME)";
				SUPPORTED_PLATFORMS = "iphoneos iphonesimulator";
				SUPPORTS_MACCATALYST = NO;
				SUPPORTS_MAC_DESIGNED_FOR_IPHONE_IPAD = NO;
				SWIFT_EMIT_LOC_STRINGS = YES;
				SWIFT_VERSION = 5.0;
				TARGETED_DEVICE_FAMILY = 1;
			};
			name = Debug;
		};
		A913933B29B328E70023A151 /* Release */ = {
			isa = XCBuildConfiguration;
			buildSettings = {
				ASSETCATALOG_COMPILER_APPICON_NAME = AppIcon;
				ASSETCATALOG_COMPILER_GLOBAL_ACCENT_COLOR_NAME = AccentColor;
				CODE_SIGN_STYLE = Automatic;
				CURRENT_PROJECT_VERSION = 1;
				DEVELOPMENT_TEAM = 3ZJJVW89MW;
				GENERATE_INFOPLIST_FILE = YES;
				INFOPLIST_FILE = ObjectSeparation/Resources/Info.plist;
				INFOPLIST_KEY_UIApplicationSupportsIndirectInputEvents = YES;
				INFOPLIST_KEY_UILaunchStoryboardName = LaunchScreen;
				INFOPLIST_KEY_UISupportedInterfaceOrientations = UIInterfaceOrientationPortrait;
				INFOPLIST_KEY_UISupportedInterfaceOrientations_iPad = "UIInterfaceOrientationLandscapeLeft UIInterfaceOrientationLandscapeRight UIInterfaceOrientationPortrait UIInterfaceOrientationPortraitUpsideDown";
				IPHONEOS_DEPLOYMENT_TARGET = 15.0;
				LD_RUNPATH_SEARCH_PATHS = (
					"$(inherited)",
					"@executable_path/Frameworks",
				);
				MARKETING_VERSION = 1.0;
				PRODUCT_BUNDLE_IDENTIFIER = com.horus.ObjectSeparation;
				PRODUCT_NAME = "$(TARGET_NAME)";
				SUPPORTED_PLATFORMS = "iphoneos iphonesimulator";
				SUPPORTS_MACCATALYST = NO;
				SUPPORTS_MAC_DESIGNED_FOR_IPHONE_IPAD = NO;
				SWIFT_EMIT_LOC_STRINGS = YES;
				SWIFT_VERSION = 5.0;
				TARGETED_DEVICE_FAMILY = 1;
			};
			name = Release;
		};
/* End XCBuildConfiguration section */

/* Begin XCConfigurationList section */
		A913932029B328E60023A151 /* Build configuration list for PBXProject "ObjectSeparation" */ = {
			isa = XCConfigurationList;
			buildConfigurations = (
				A913933729B328E70023A151 /* Debug */,
				A913933829B328E70023A151 /* Release */,
			);
			defaultConfigurationIsVisible = 0;
			defaultConfigurationName = Release;
		};
		A913933929B328E70023A151 /* Build configuration list for PBXNativeTarget "ObjectSeparation" */ = {
			isa = XCConfigurationList;
			buildConfigurations = (
				A913933A29B328E70023A151 /* Debug */,
				A913933B29B328E70023A151 /* Release */,
			);
			defaultConfigurationIsVisible = 0;
			defaultConfigurationName = Release;
		};
/* End XCConfigurationList section */
	};
	rootObject = A913931D29B328E60023A151 /* Project object */;
}
