// !$*UTF8*$!
{
	archiveVersion = 1;
	classes = {
	};
	objectVersion = 56;
	objects = {

/* Begin PBXBuildFile section */
		A913934929B329000023A151 /* AppDelegate.swift in Sources */ = {isa = PBXBuildFile; fileRef = A913934829B329000023A151 /* AppDelegate.swift */; };
		A913934B29B329000023A151 /* SceneDelegate.swift in Sources */ = {isa = PBXBuildFile; fileRef = A913934A29B329000023A151 /* SceneDelegate.swift */; };
		A913935229B329020023A151 /* Assets.xcassets in Resources */ = {isa = PBXBuildFile; fileRef = A913935129B329020023A151 /* Assets.xcassets */; };
		A913935529B329020023A151 /* LaunchScreen.storyboard in Resources */ = {isa = PBXBuildFile; fileRef = A913935329B329020023A151 /* LaunchScreen.storyboard */; };
		A93CB96329C9DE1900481A99 /* DeviceProvider.swift in Sources */ = {isa = PBXBuildFile; fileRef = A93CB96229C9DE1900481A99 /* DeviceProvider.swift */; };
		A93CB96629C9E2D500481A99 /* MovieWriter.swift in Sources */ = {isa = PBXBuildFile; fileRef = A93CB96529C9E2D500481A99 /* MovieWriter.swift */; };
		A9749BBF29C7551F002E0DD4 /* Utilities.swift in Sources */ = {isa = PBXBuildFile; fileRef = A9749BBE29C7551F002E0DD4 /* Utilities.swift */; };
		A9749BC129C75526002E0DD4 /* Constants.swift in Sources */ = {isa = PBXBuildFile; fileRef = A9749BC029C75526002E0DD4 /* Constants.swift */; };
		A9749BCA29C75595002E0DD4 /* AppDIContainer.swift in Sources */ = {isa = PBXBuildFile; fileRef = A9749BC929C75595002E0DD4 /* AppDIContainer.swift */; };
		A9749BCC29C755A7002E0DD4 /* SceneDIContainer.swift in Sources */ = {isa = PBXBuildFile; fileRef = A9749BCB29C755A7002E0DD4 /* SceneDIContainer.swift */; };
		A9749BCE29C755C7002E0DD4 /* AppFlowCoordinator.swift in Sources */ = {isa = PBXBuildFile; fileRef = A9749BCD29C755C7002E0DD4 /* AppFlowCoordinator.swift */; };
		A9749BD029C755CF002E0DD4 /* AppConfiguration.swift in Sources */ = {isa = PBXBuildFile; fileRef = A9749BCF29C755CF002E0DD4 /* AppConfiguration.swift */; };
		A9749BD229C7560E002E0DD4 /* Studio.swift in Sources */ = {isa = PBXBuildFile; fileRef = A9749BD129C7560E002E0DD4 /* Studio.swift */; };
		A9749BD429C75620002E0DD4 /* DefaultMovieRecordRepository.swift in Sources */ = {isa = PBXBuildFile; fileRef = A9749BD329C75620002E0DD4 /* DefaultMovieRecordRepository.swift */; };
		A9749BD629C75669002E0DD4 /* MovieRecordRepository.swift in Sources */ = {isa = PBXBuildFile; fileRef = A9749BD529C75669002E0DD4 /* MovieRecordRepository.swift */; };
		A9749BD829C75673002E0DD4 /* MovieRecordUseCase.swift in Sources */ = {isa = PBXBuildFile; fileRef = A9749BD729C75673002E0DD4 /* MovieRecordUseCase.swift */; };
		A9749BDA29C7569E002E0DD4 /* ViewFlowCoordinator.swift in Sources */ = {isa = PBXBuildFile; fileRef = A9749BD929C7569E002E0DD4 /* ViewFlowCoordinator.swift */; };
		A9749BDC29C756BA002E0DD4 /* MovieRecordViewController.swift in Sources */ = {isa = PBXBuildFile; fileRef = A9749BDB29C756BA002E0DD4 /* MovieRecordViewController.swift */; };
		A9749BDE29C756C7002E0DD4 /* MovieRecordViewModel.swift in Sources */ = {isa = PBXBuildFile; fileRef = A9749BDD29C756C7002E0DD4 /* MovieRecordViewModel.swift */; };
		A9749BE029C756CE002E0DD4 /* PreviewView.swift in Sources */ = {isa = PBXBuildFile; fileRef = A9749BDF29C756CE002E0DD4 /* PreviewView.swift */; };
		A9749BE229C756D5002E0DD4 /* RecordButton.swift in Sources */ = {isa = PBXBuildFile; fileRef = A9749BE129C756D5002E0DD4 /* RecordButton.swift */; };
		A9749BE429C7578C002E0DD4 /* MovieRecordViewController.storyboard in Resources */ = {isa = PBXBuildFile; fileRef = A9749BE329C7578C002E0DD4 /* MovieRecordViewController.storyboard */; };
/* End PBXBuildFile section */

/* Begin PBXFileReference section */
		A913934529B329000023A151 /* ObjectSeparated.app */ = {isa = PBXFileReference; explicitFileType = wrapper.application; includeInIndex = 0; path = ObjectSeparated.app; sourceTree = BUILT_PRODUCTS_DIR; };
		A913934829B329000023A151 /* AppDelegate.swift */ = {isa = PBXFileReference; lastKnownFileType = sourcecode.swift; path = AppDelegate.swift; sourceTree = "<group>"; };
		A913934A29B329000023A151 /* SceneDelegate.swift */ = {isa = PBXFileReference; lastKnownFileType = sourcecode.swift; path = SceneDelegate.swift; sourceTree = "<group>"; };
		A913935129B329020023A151 /* Assets.xcassets */ = {isa = PBXFileReference; lastKnownFileType = folder.assetcatalog; path = Assets.xcassets; sourceTree = "<group>"; };
		A913935429B329020023A151 /* Base */ = {isa = PBXFileReference; lastKnownFileType = file.storyboard; name = Base; path = Base.lproj/LaunchScreen.storyboard; sourceTree = "<group>"; };
		A913935629B329020023A151 /* Info.plist */ = {isa = PBXFileReference; lastKnownFileType = text.plist.xml; path = Info.plist; sourceTree = "<group>"; };
		A93CB96229C9DE1900481A99 /* DeviceProvider.swift */ = {isa = PBXFileReference; lastKnownFileType = sourcecode.swift; path = DeviceProvider.swift; sourceTree = "<group>"; };
		A93CB96529C9E2D500481A99 /* MovieWriter.swift */ = {isa = PBXFileReference; lastKnownFileType = sourcecode.swift; path = MovieWriter.swift; sourceTree = "<group>"; };
		A9749BBE29C7551F002E0DD4 /* Utilities.swift */ = {isa = PBXFileReference; lastKnownFileType = sourcecode.swift; path = Utilities.swift; sourceTree = "<group>"; };
		A9749BC029C75526002E0DD4 /* Constants.swift */ = {isa = PBXFileReference; lastKnownFileType = sourcecode.swift; path = Constants.swift; sourceTree = "<group>"; };
		A9749BC929C75595002E0DD4 /* AppDIContainer.swift */ = {isa = PBXFileReference; lastKnownFileType = sourcecode.swift; path = AppDIContainer.swift; sourceTree = "<group>"; };
		A9749BCB29C755A7002E0DD4 /* SceneDIContainer.swift */ = {isa = PBXFileReference; lastKnownFileType = sourcecode.swift; path = SceneDIContainer.swift; sourceTree = "<group>"; };
		A9749BCD29C755C7002E0DD4 /* AppFlowCoordinator.swift */ = {isa = PBXFileReference; lastKnownFileType = sourcecode.swift; path = AppFlowCoordinator.swift; sourceTree = "<group>"; };
		A9749BCF29C755CF002E0DD4 /* AppConfiguration.swift */ = {isa = PBXFileReference; lastKnownFileType = sourcecode.swift; path = AppConfiguration.swift; sourceTree = "<group>"; };
		A9749BD129C7560E002E0DD4 /* Studio.swift */ = {isa = PBXFileReference; lastKnownFileType = sourcecode.swift; path = Studio.swift; sourceTree = "<group>"; };
		A9749BD329C75620002E0DD4 /* DefaultMovieRecordRepository.swift */ = {isa = PBXFileReference; lastKnownFileType = sourcecode.swift; path = DefaultMovieRecordRepository.swift; sourceTree = "<group>"; };
		A9749BD529C75669002E0DD4 /* MovieRecordRepository.swift */ = {isa = PBXFileReference; lastKnownFileType = sourcecode.swift; path = MovieRecordRepository.swift; sourceTree = "<group>"; };
		A9749BD729C75673002E0DD4 /* MovieRecordUseCase.swift */ = {isa = PBXFileReference; lastKnownFileType = sourcecode.swift; path = MovieRecordUseCase.swift; sourceTree = "<group>"; };
		A9749BD929C7569E002E0DD4 /* ViewFlowCoordinator.swift */ = {isa = PBXFileReference; lastKnownFileType = sourcecode.swift; path = ViewFlowCoordinator.swift; sourceTree = "<group>"; };
		A9749BDB29C756BA002E0DD4 /* MovieRecordViewController.swift */ = {isa = PBXFileReference; lastKnownFileType = sourcecode.swift; path = MovieRecordViewController.swift; sourceTree = "<group>"; };
		A9749BDD29C756C7002E0DD4 /* MovieRecordViewModel.swift */ = {isa = PBXFileReference; lastKnownFileType = sourcecode.swift; path = MovieRecordViewModel.swift; sourceTree = "<group>"; };
		A9749BDF29C756CE002E0DD4 /* PreviewView.swift */ = {isa = PBXFileReference; lastKnownFileType = sourcecode.swift; path = PreviewView.swift; sourceTree = "<group>"; };
		A9749BE129C756D5002E0DD4 /* RecordButton.swift */ = {isa = PBXFileReference; lastKnownFileType = sourcecode.swift; path = RecordButton.swift; sourceTree = "<group>"; };
		A9749BE329C7578C002E0DD4 /* MovieRecordViewController.storyboard */ = {isa = PBXFileReference; lastKnownFileType = file.storyboard; path = MovieRecordViewController.storyboard; sourceTree = "<group>"; };
/* End PBXFileReference section */

/* Begin PBXFrameworksBuildPhase section */
		A913934229B329000023A151 /* Frameworks */ = {
			isa = PBXFrameworksBuildPhase;
			buildActionMask = 2147483647;
			files = (
			);
			runOnlyForDeploymentPostprocessing = 0;
		};
/* End PBXFrameworksBuildPhase section */

/* Begin PBXGroup section */
		A913933C29B329000023A151 = {
			isa = PBXGroup;
			children = (
				A913934729B329000023A151 /* ObjectSeparated */,
				A913934629B329000023A151 /* Products */,
			);
			sourceTree = "<group>";
		};
		A913934629B329000023A151 /* Products */ = {
			isa = PBXGroup;
			children = (
				A913934529B329000023A151 /* ObjectSeparated.app */,
			);
			name = Products;
			sourceTree = "<group>";
		};
		A913934729B329000023A151 /* ObjectSeparated */ = {
			isa = PBXGroup;
			children = (
				A9749BBA29C75492002E0DD4 /* Utilities */,
				A9749BB329C753FB002E0DD4 /* Constants */,
				A9749BB429C75401002E0DD4 /* Resources */,
				A9749BB529C7540A002E0DD4 /* Application */,
				A9749BB629C75410002E0DD4 /* Infrastructure */,
				A9749BBB29C7549B002E0DD4 /* Data */,
				A9749BBC29C7549F002E0DD4 /* Domain */,
				A9749BBD29C754C1002E0DD4 /* Presentation */,
			);
			path = ObjectSeparated;
			sourceTree = "<group>";
		};
		A93CB96129C9DE0500481A99 /* DeviceProvider */ = {
			isa = PBXGroup;
			children = (
				A93CB96229C9DE1900481A99 /* DeviceProvider.swift */,
			);
			path = DeviceProvider;
			sourceTree = "<group>";
		};
		A93CB96429C9E2C800481A99 /* AssetWriter */ = {
			isa = PBXGroup;
			children = (
				A93CB96529C9E2D500481A99 /* MovieWriter.swift */,
			);
			path = AssetWriter;
			sourceTree = "<group>";
		};
		A9749BB329C753FB002E0DD4 /* Constants */ = {
			isa = PBXGroup;
			children = (
				A9749BC029C75526002E0DD4 /* Constants.swift */,
			);
			path = Constants;
			sourceTree = "<group>";
		};
		A9749BB429C75401002E0DD4 /* Resources */ = {
			isa = PBXGroup;
			children = (
				A9749BE329C7578C002E0DD4 /* MovieRecordViewController.storyboard */,
				A913935129B329020023A151 /* Assets.xcassets */,
				A913935329B329020023A151 /* LaunchScreen.storyboard */,
				A913935629B329020023A151 /* Info.plist */,
			);
			path = Resources;
			sourceTree = "<group>";
		};
		A9749BB529C7540A002E0DD4 /* Application */ = {
			isa = PBXGroup;
			children = (
				A9749BC229C7552B002E0DD4 /* AppDIContainer */,
				A913934829B329000023A151 /* AppDelegate.swift */,
				A913934A29B329000023A151 /* SceneDelegate.swift */,
				A9749BCD29C755C7002E0DD4 /* AppFlowCoordinator.swift */,
				A9749BCF29C755CF002E0DD4 /* AppConfiguration.swift */,
			);
			path = Application;
			sourceTree = "<group>";
		};
		A9749BB629C75410002E0DD4 /* Infrastructure */ = {
			isa = PBXGroup;
			children = (
				A93CB96429C9E2C800481A99 /* AssetWriter */,
				A93CB96129C9DE0500481A99 /* DeviceProvider */,
			);
			path = Infrastructure;
			sourceTree = "<group>";
		};
		A9749BBA29C75492002E0DD4 /* Utilities */ = {
			isa = PBXGroup;
			children = (
				A9749BBE29C7551F002E0DD4 /* Utilities.swift */,
			);
			path = Utilities;
			sourceTree = "<group>";
		};
		A9749BBB29C7549B002E0DD4 /* Data */ = {
			isa = PBXGroup;
			children = (
				A9749BC329C7553C002E0DD4 /* Studio */,
				A9749BC429C75541002E0DD4 /* Repository */,
			);
			path = Data;
			sourceTree = "<group>";
		};
		A9749BBC29C7549F002E0DD4 /* Domain */ = {
			isa = PBXGroup;
			children = (
				A9749BC629C7554D002E0DD4 /* Interfaces */,
				A9749BC529C75548002E0DD4 /* UseCase */,
			);
			path = Domain;
			sourceTree = "<group>";
		};
		A9749BBD29C754C1002E0DD4 /* Presentation */ = {
			isa = PBXGroup;
			children = (
				A9749BC729C75560002E0DD4 /* Flow */,
				A9749BC829C75565002E0DD4 /* MovieRecordView */,
			);
			path = Presentation;
			sourceTree = "<group>";
		};
		A9749BC229C7552B002E0DD4 /* AppDIContainer */ = {
			isa = PBXGroup;
			children = (
				A9749BC929C75595002E0DD4 /* AppDIContainer.swift */,
				A9749BCB29C755A7002E0DD4 /* SceneDIContainer.swift */,
			);
			path = AppDIContainer;
			sourceTree = "<group>";
		};
		A9749BC329C7553C002E0DD4 /* Studio */ = {
			isa = PBXGroup;
			children = (
				A9749BD129C7560E002E0DD4 /* Studio.swift */,
			);
			path = Studio;
			sourceTree = "<group>";
		};
		A9749BC429C75541002E0DD4 /* Repository */ = {
			isa = PBXGroup;
			children = (
				A9749BD329C75620002E0DD4 /* DefaultMovieRecordRepository.swift */,
			);
			path = Repository;
			sourceTree = "<group>";
		};
		A9749BC529C75548002E0DD4 /* UseCase */ = {
			isa = PBXGroup;
			children = (
				A9749BD729C75673002E0DD4 /* MovieRecordUseCase.swift */,
			);
			path = UseCase;
			sourceTree = "<group>";
		};
		A9749BC629C7554D002E0DD4 /* Interfaces */ = {
			isa = PBXGroup;
			children = (
				A9749BD529C75669002E0DD4 /* MovieRecordRepository.swift */,
			);
			path = Interfaces;
			sourceTree = "<group>";
		};
		A9749BC729C75560002E0DD4 /* Flow */ = {
			isa = PBXGroup;
			children = (
				A9749BD929C7569E002E0DD4 /* ViewFlowCoordinator.swift */,
			);
			path = Flow;
			sourceTree = "<group>";
		};
		A9749BC829C75565002E0DD4 /* MovieRecordView */ = {
			isa = PBXGroup;
			children = (
				A9749BDB29C756BA002E0DD4 /* MovieRecordViewController.swift */,
				A9749BDD29C756C7002E0DD4 /* MovieRecordViewModel.swift */,
				A9749BDF29C756CE002E0DD4 /* PreviewView.swift */,
				A9749BE129C756D5002E0DD4 /* RecordButton.swift */,
			);
			path = MovieRecordView;
			sourceTree = "<group>";
		};
/* End PBXGroup section */

/* Begin PBXNativeTarget section */
		A913934429B329000023A151 /* ObjectSeparated */ = {
			isa = PBXNativeTarget;
			buildConfigurationList = A913935929B329020023A151 /* Build configuration list for PBXNativeTarget "ObjectSeparated" */;
			buildPhases = (
				A913934129B329000023A151 /* Sources */,
				A913934229B329000023A151 /* Frameworks */,
				A913934329B329000023A151 /* Resources */,
			);
			buildRules = (
			);
			dependencies = (
			);
			name = ObjectSeparated;
			productName = ObjectSeparated;
			productReference = A913934529B329000023A151 /* ObjectSeparated.app */;
			productType = "com.apple.product-type.application";
		};
/* End PBXNativeTarget section */

/* Begin PBXProject section */
		A913933D29B329000023A151 /* Project object */ = {
			isa = PBXProject;
			attributes = {
				BuildIndependentTargetsInParallel = 1;
				LastSwiftUpdateCheck = 1420;
				LastUpgradeCheck = 1420;
				TargetAttributes = {
					A913934429B329000023A151 = {
						CreatedOnToolsVersion = 14.2;
					};
				};
			};
			buildConfigurationList = A913934029B329000023A151 /* Build configuration list for PBXProject "ObjectSeparated" */;
			compatibilityVersion = "Xcode 14.0";
			developmentRegion = en;
			hasScannedForEncodings = 0;
			knownRegions = (
				en,
				Base,
			);
			mainGroup = A913933C29B329000023A151;
			productRefGroup = A913934629B329000023A151 /* Products */;
			projectDirPath = "";
			projectRoot = "";
			targets = (
				A913934429B329000023A151 /* ObjectSeparated */,
			);
		};
/* End PBXProject section */

/* Begin PBXResourcesBuildPhase section */
		A913934329B329000023A151 /* Resources */ = {
			isa = PBXResourcesBuildPhase;
			buildActionMask = 2147483647;
			files = (
				A913935529B329020023A151 /* LaunchScreen.storyboard in Resources */,
				A9749BE429C7578C002E0DD4 /* MovieRecordViewController.storyboard in Resources */,
				A913935229B329020023A151 /* Assets.xcassets in Resources */,
			);
			runOnlyForDeploymentPostprocessing = 0;
		};
/* End PBXResourcesBuildPhase section */

/* Begin PBXSourcesBuildPhase section */
		A913934129B329000023A151 /* Sources */ = {
			isa = PBXSourcesBuildPhase;
			buildActionMask = 2147483647;
			files = (
				A9749BD429C75620002E0DD4 /* DefaultMovieRecordRepository.swift in Sources */,
				A9749BD629C75669002E0DD4 /* MovieRecordRepository.swift in Sources */,
				A9749BD029C755CF002E0DD4 /* AppConfiguration.swift in Sources */,
				A9749BCE29C755C7002E0DD4 /* AppFlowCoordinator.swift in Sources */,
				A93CB96329C9DE1900481A99 /* DeviceProvider.swift in Sources */,
				A9749BC129C75526002E0DD4 /* Constants.swift in Sources */,
				A9749BD229C7560E002E0DD4 /* Studio.swift in Sources */,
				A9749BCA29C75595002E0DD4 /* AppDIContainer.swift in Sources */,
				A9749BD829C75673002E0DD4 /* MovieRecordUseCase.swift in Sources */,
				A9749BCC29C755A7002E0DD4 /* SceneDIContainer.swift in Sources */,
				A9749BE029C756CE002E0DD4 /* PreviewView.swift in Sources */,
				A913934929B329000023A151 /* AppDelegate.swift in Sources */,
				A9749BE229C756D5002E0DD4 /* RecordButton.swift in Sources */,
				A9749BDC29C756BA002E0DD4 /* MovieRecordViewController.swift in Sources */,
				A9749BDA29C7569E002E0DD4 /* ViewFlowCoordinator.swift in Sources */,
				A9749BDE29C756C7002E0DD4 /* MovieRecordViewModel.swift in Sources */,
				A93CB96629C9E2D500481A99 /* MovieWriter.swift in Sources */,
				A9749BBF29C7551F002E0DD4 /* Utilities.swift in Sources */,
				A913934B29B329000023A151 /* SceneDelegate.swift in Sources */,
			);
			runOnlyForDeploymentPostprocessing = 0;
		};
/* End PBXSourcesBuildPhase section */

/* Begin PBXVariantGroup section */
		A913935329B329020023A151 /* LaunchScreen.storyboard */ = {
			isa = PBXVariantGroup;
			children = (
				A913935429B329020023A151 /* Base */,
			);
			name = LaunchScreen.storyboard;
			sourceTree = "<group>";
		};
/* End PBXVariantGroup section */

/* Begin XCBuildConfiguration section */
		A913935729B329020023A151 /* Debug */ = {
			isa = XCBuildConfiguration;
			buildSettings = {
				ALWAYS_SEARCH_USER_PATHS = NO;
				CLANG_ANALYZER_NONNULL = YES;
				CLANG_ANALYZER_NUMBER_OBJECT_CONVERSION = YES_AGGRESSIVE;
				CLANG_CXX_LANGUAGE_STANDARD = "gnu++20";
				CLANG_ENABLE_MODULES = YES;
				CLANG_ENABLE_OBJC_ARC = YES;
				CLANG_ENABLE_OBJC_WEAK = YES;
				CLANG_WARN_BLOCK_CAPTURE_AUTORELEASING = YES;
				CLANG_WARN_BOOL_CONVERSION = YES;
				CLANG_WARN_COMMA = YES;
				CLANG_WARN_CONSTANT_CONVERSION = YES;
				CLANG_WARN_DEPRECATED_OBJC_IMPLEMENTATIONS = YES;
				CLANG_WARN_DIRECT_OBJC_ISA_USAGE = YES_ERROR;
				CLANG_WARN_DOCUMENTATION_COMMENTS = YES;
				CLANG_WARN_EMPTY_BODY = YES;
				CLANG_WARN_ENUM_CONVERSION = YES;
				CLANG_WARN_INFINITE_RECURSION = YES;
				CLANG_WARN_INT_CONVERSION = YES;
				CLANG_WARN_NON_LITERAL_NULL_CONVERSION = YES;
				CLANG_WARN_OBJC_IMPLICIT_RETAIN_SELF = YES;
				CLANG_WARN_OBJC_LITERAL_CONVERSION = YES;
				CLANG_WARN_OBJC_ROOT_CLASS = YES_ERROR;
				CLANG_WARN_QUOTED_INCLUDE_IN_FRAMEWORK_HEADER = YES;
				CLANG_WARN_RANGE_LOOP_ANALYSIS = YES;
				CLANG_WARN_STRICT_PROTOTYPES = YES;
				CLANG_WARN_SUSPICIOUS_MOVE = YES;
				CLANG_WARN_UNGUARDED_AVAILABILITY = YES_AGGRESSIVE;
				CLANG_WARN_UNREACHABLE_CODE = YES;
				CLANG_WARN__DUPLICATE_METHOD_MATCH = YES;
				COPY_PHASE_STRIP = NO;
				DEBUG_INFORMATION_FORMAT = dwarf;
				ENABLE_STRICT_OBJC_MSGSEND = YES;
				ENABLE_TESTABILITY = YES;
				GCC_C_LANGUAGE_STANDARD = gnu11;
				GCC_DYNAMIC_NO_PIC = NO;
				GCC_NO_COMMON_BLOCKS = YES;
				GCC_OPTIMIZATION_LEVEL = 0;
				GCC_PREPROCESSOR_DEFINITIONS = (
					"DEBUG=1",
					"$(inherited)",
				);
				GCC_WARN_64_TO_32_BIT_CONVERSION = YES;
				GCC_WARN_ABOUT_RETURN_TYPE = YES_ERROR;
				GCC_WARN_UNDECLARED_SELECTOR = YES;
				GCC_WARN_UNINITIALIZED_AUTOS = YES_AGGRESSIVE;
				GCC_WARN_UNUSED_FUNCTION = YES;
				GCC_WARN_UNUSED_VARIABLE = YES;
				IPHONEOS_DEPLOYMENT_TARGET = 16.2;
				MTL_ENABLE_DEBUG_INFO = INCLUDE_SOURCE;
				MTL_FAST_MATH = YES;
				ONLY_ACTIVE_ARCH = YES;
				SDKROOT = iphoneos;
				SWIFT_ACTIVE_COMPILATION_CONDITIONS = DEBUG;
				SWIFT_OPTIMIZATION_LEVEL = "-Onone";
			};
			name = Debug;
		};
		A913935829B329020023A151 /* Release */ = {
			isa = XCBuildConfiguration;
			buildSettings = {
				ALWAYS_SEARCH_USER_PATHS = NO;
				CLANG_ANALYZER_NONNULL = YES;
				CLANG_ANALYZER_NUMBER_OBJECT_CONVERSION = YES_AGGRESSIVE;
				CLANG_CXX_LANGUAGE_STANDARD = "gnu++20";
				CLANG_ENABLE_MODULES = YES;
				CLANG_ENABLE_OBJC_ARC = YES;
				CLANG_ENABLE_OBJC_WEAK = YES;
				CLANG_WARN_BLOCK_CAPTURE_AUTORELEASING = YES;
				CLANG_WARN_BOOL_CONVERSION = YES;
				CLANG_WARN_COMMA = YES;
				CLANG_WARN_CONSTANT_CONVERSION = YES;
				CLANG_WARN_DEPRECATED_OBJC_IMPLEMENTATIONS = YES;
				CLANG_WARN_DIRECT_OBJC_ISA_USAGE = YES_ERROR;
				CLANG_WARN_DOCUMENTATION_COMMENTS = YES;
				CLANG_WARN_EMPTY_BODY = YES;
				CLANG_WARN_ENUM_CONVERSION = YES;
				CLANG_WARN_INFINITE_RECURSION = YES;
				CLANG_WARN_INT_CONVERSION = YES;
				CLANG_WARN_NON_LITERAL_NULL_CONVERSION = YES;
				CLANG_WARN_OBJC_IMPLICIT_RETAIN_SELF = YES;
				CLANG_WARN_OBJC_LITERAL_CONVERSION = YES;
				CLANG_WARN_OBJC_ROOT_CLASS = YES_ERROR;
				CLANG_WARN_QUOTED_INCLUDE_IN_FRAMEWORK_HEADER = YES;
				CLANG_WARN_RANGE_LOOP_ANALYSIS = YES;
				CLANG_WARN_STRICT_PROTOTYPES = YES;
				CLANG_WARN_SUSPICIOUS_MOVE = YES;
				CLANG_WARN_UNGUARDED_AVAILABILITY = YES_AGGRESSIVE;
				CLANG_WARN_UNREACHABLE_CODE = YES;
				CLANG_WARN__DUPLICATE_METHOD_MATCH = YES;
				COPY_PHASE_STRIP = NO;
				DEBUG_INFORMATION_FORMAT = "dwarf-with-dsym";
				ENABLE_NS_ASSERTIONS = NO;
				ENABLE_STRICT_OBJC_MSGSEND = YES;
				GCC_C_LANGUAGE_STANDARD = gnu11;
				GCC_NO_COMMON_BLOCKS = YES;
				GCC_WARN_64_TO_32_BIT_CONVERSION = YES;
				GCC_WARN_ABOUT_RETURN_TYPE = YES_ERROR;
				GCC_WARN_UNDECLARED_SELECTOR = YES;
				GCC_WARN_UNINITIALIZED_AUTOS = YES_AGGRESSIVE;
				GCC_WARN_UNUSED_FUNCTION = YES;
				GCC_WARN_UNUSED_VARIABLE = YES;
				IPHONEOS_DEPLOYMENT_TARGET = 16.2;
				MTL_ENABLE_DEBUG_INFO = NO;
				MTL_FAST_MATH = YES;
				SDKROOT = iphoneos;
				SWIFT_COMPILATION_MODE = wholemodule;
				SWIFT_OPTIMIZATION_LEVEL = "-O";
				VALIDATE_PRODUCT = YES;
			};
			name = Release;
		};
		A913935A29B329020023A151 /* Debug */ = {
			isa = XCBuildConfiguration;
			buildSettings = {
				ASSETCATALOG_COMPILER_APPICON_NAME = AppIcon;
				ASSETCATALOG_COMPILER_GLOBAL_ACCENT_COLOR_NAME = AccentColor;
				CODE_SIGN_STYLE = Automatic;
				CURRENT_PROJECT_VERSION = 1;
				DEVELOPMENT_TEAM = 3ZJJVW89MW;
				GENERATE_INFOPLIST_FILE = YES;
				INFOPLIST_FILE = ObjectSeparated/Resources/Info.plist;
				INFOPLIST_KEY_UIApplicationSupportsIndirectInputEvents = YES;
				INFOPLIST_KEY_UILaunchStoryboardName = LaunchScreen;
				INFOPLIST_KEY_UIMainStoryboardFile = "";
				INFOPLIST_KEY_UISupportedInterfaceOrientations = UIInterfaceOrientationPortrait;
				INFOPLIST_KEY_UISupportedInterfaceOrientations_iPad = "UIInterfaceOrientationLandscapeLeft UIInterfaceOrientationLandscapeRight UIInterfaceOrientationPortrait UIInterfaceOrientationPortraitUpsideDown";
				IPHONEOS_DEPLOYMENT_TARGET = 15.0;
				LD_RUNPATH_SEARCH_PATHS = (
					"$(inherited)",
					"@executable_path/Frameworks",
				);
				MARKETING_VERSION = 1.0;
				PRODUCT_BUNDLE_IDENTIFIER = com.horus.ObjectSeparated;
				PRODUCT_NAME = "$(TARGET_NAME)";
				SUPPORTED_PLATFORMS = "iphoneos iphonesimulator";
				SUPPORTS_MACCATALYST = NO;
				SUPPORTS_MAC_DESIGNED_FOR_IPHONE_IPAD = NO;
				SWIFT_EMIT_LOC_STRINGS = YES;
				SWIFT_VERSION = 5.0;
				TARGETED_DEVICE_FAMILY = 1;
			};
			name = Debug;
		};
		A913935B29B329020023A151 /* Release */ = {
			isa = XCBuildConfiguration;
			buildSettings = {
				ASSETCATALOG_COMPILER_APPICON_NAME = AppIcon;
				ASSETCATALOG_COMPILER_GLOBAL_ACCENT_COLOR_NAME = AccentColor;
				CODE_SIGN_STYLE = Automatic;
				CURRENT_PROJECT_VERSION = 1;
				DEVELOPMENT_TEAM = 3ZJJVW89MW;
				GENERATE_INFOPLIST_FILE = YES;
				INFOPLIST_FILE = ObjectSeparated/Resources/Info.plist;
				INFOPLIST_KEY_UIApplicationSupportsIndirectInputEvents = YES;
				INFOPLIST_KEY_UILaunchStoryboardName = LaunchScreen;
				INFOPLIST_KEY_UIMainStoryboardFile = "";
				INFOPLIST_KEY_UISupportedInterfaceOrientations = UIInterfaceOrientationPortrait;
				INFOPLIST_KEY_UISupportedInterfaceOrientations_iPad = "UIInterfaceOrientationLandscapeLeft UIInterfaceOrientationLandscapeRight UIInterfaceOrientationPortrait UIInterfaceOrientationPortraitUpsideDown";
				IPHONEOS_DEPLOYMENT_TARGET = 15.0;
				LD_RUNPATH_SEARCH_PATHS = (
					"$(inherited)",
					"@executable_path/Frameworks",
				);
				MARKETING_VERSION = 1.0;
				PRODUCT_BUNDLE_IDENTIFIER = com.horus.ObjectSeparated;
				PRODUCT_NAME = "$(TARGET_NAME)";
				SUPPORTED_PLATFORMS = "iphoneos iphonesimulator";
				SUPPORTS_MACCATALYST = NO;
				SUPPORTS_MAC_DESIGNED_FOR_IPHONE_IPAD = NO;
				SWIFT_EMIT_LOC_STRINGS = YES;
				SWIFT_VERSION = 5.0;
				TARGETED_DEVICE_FAMILY = 1;
			};
			name = Release;
		};
/* End XCBuildConfiguration section */

/* Begin XCConfigurationList section */
		A913934029B329000023A151 /* Build configuration list for PBXProject "ObjectSeparated" */ = {
			isa = XCConfigurationList;
			buildConfigurations = (
				A913935729B329020023A151 /* Debug */,
				A913935829B329020023A151 /* Release */,
			);
			defaultConfigurationIsVisible = 0;
			defaultConfigurationName = Release;
		};
		A913935929B329020023A151 /* Build configuration list for PBXNativeTarget "ObjectSeparated" */ = {
			isa = XCConfigurationList;
			buildConfigurations = (
				A913935A29B329020023A151 /* Debug */,
				A913935B29B329020023A151 /* Release */,
			);
			defaultConfigurationIsVisible = 0;
			defaultConfigurationName = Release;
		};
/* End XCConfigurationList section */
	};
	rootObject = A913933D29B329000023A151 /* Project object */;
}
